// !$*UTF8*$!
{
	archiveVersion = 1;
	classes = {
	};
	objectVersion = 50;
	objects = {

/* Begin PBXBuildFile section */
		84CB1890235EA37200B57777 /* AppDelegate.swift in Sources */ = {isa = PBXBuildFile; fileRef = 84CB188F235EA37200B57777 /* AppDelegate.swift */; };
		84CB1892235EA37200B57777 /* SceneDelegate.swift in Sources */ = {isa = PBXBuildFile; fileRef = 84CB1891235EA37200B57777 /* SceneDelegate.swift */; };
		84CB1894235EA37200B57777 /* ViewController.swift in Sources */ = {isa = PBXBuildFile; fileRef = 84CB1893235EA37200B57777 /* ViewController.swift */; };
		84CB1897235EA37200B57777 /* Main.storyboard in Resources */ = {isa = PBXBuildFile; fileRef = 84CB1895235EA37200B57777 /* Main.storyboard */; };
		84CB189A235EA37200B57777 /* Buka_BlackJack.xcdatamodeld in Sources */ = {isa = PBXBuildFile; fileRef = 84CB1898235EA37200B57777 /* Buka_BlackJack.xcdatamodeld */; };
		84CB189C235EA37500B57777 /* Assets.xcassets in Resources */ = {isa = PBXBuildFile; fileRef = 84CB189B235EA37500B57777 /* Assets.xcassets */; };
		84CB189F235EA37500B57777 /* LaunchScreen.storyboard in Resources */ = {isa = PBXBuildFile; fileRef = 84CB189D235EA37500B57777 /* LaunchScreen.storyboard */; };
		84CB18A7235EA3F400B57777 /* Deck.swift in Sources */ = {isa = PBXBuildFile; fileRef = 84CB18A6235EA3F400B57777 /* Deck.swift */; };
		84CB18A9235EA89400B57777 /* Hand.swift in Sources */ = {isa = PBXBuildFile; fileRef = 84CB18A8235EA89400B57777 /* Hand.swift */; };
		84CB18AB235EAAA400B57777 /* Table.swift in Sources */ = {isa = PBXBuildFile; fileRef = 84CB18AA235EAAA400B57777 /* Table.swift */; };
		84CB18AD235EAFED00B57777 /* Playing Cards in Resources */ = {isa = PBXBuildFile; fileRef = 84CB18AC235EAFED00B57777 /* Playing Cards */; };
		84CB1939235EED4600B57777 /* LaunchViewController.swift in Sources */ = {isa = PBXBuildFile; fileRef = 84CB1938235EED4600B57777 /* LaunchViewController.swift */; };
/* End PBXBuildFile section */

/* Begin PBXFileReference section */
		84CB188C235EA37200B57777 /* Buka BlackJack.app */ = {isa = PBXFileReference; explicitFileType = wrapper.application; includeInIndex = 0; path = "Buka BlackJack.app"; sourceTree = BUILT_PRODUCTS_DIR; };
		84CB188F235EA37200B57777 /* AppDelegate.swift */ = {isa = PBXFileReference; lastKnownFileType = sourcecode.swift; path = AppDelegate.swift; sourceTree = "<group>"; };
		84CB1891235EA37200B57777 /* SceneDelegate.swift */ = {isa = PBXFileReference; lastKnownFileType = sourcecode.swift; path = SceneDelegate.swift; sourceTree = "<group>"; };
		84CB1893235EA37200B57777 /* ViewController.swift */ = {isa = PBXFileReference; lastKnownFileType = sourcecode.swift; path = ViewController.swift; sourceTree = "<group>"; };
		84CB1896235EA37200B57777 /* Base */ = {isa = PBXFileReference; lastKnownFileType = file.storyboard; name = Base; path = Base.lproj/Main.storyboard; sourceTree = "<group>"; };
		84CB1899235EA37200B57777 /* Buka_BlackJack.xcdatamodel */ = {isa = PBXFileReference; lastKnownFileType = wrapper.xcdatamodel; path = Buka_BlackJack.xcdatamodel; sourceTree = "<group>"; };
		84CB189B235EA37500B57777 /* Assets.xcassets */ = {isa = PBXFileReference; lastKnownFileType = folder.assetcatalog; path = Assets.xcassets; sourceTree = "<group>"; };
		84CB189E235EA37500B57777 /* Base */ = {isa = PBXFileReference; lastKnownFileType = file.storyboard; name = Base; path = Base.lproj/LaunchScreen.storyboard; sourceTree = "<group>"; };
		84CB18A0235EA37500B57777 /* Info.plist */ = {isa = PBXFileReference; lastKnownFileType = text.plist.xml; path = Info.plist; sourceTree = "<group>"; };
		84CB18A6235EA3F400B57777 /* Deck.swift */ = {isa = PBXFileReference; lastKnownFileType = sourcecode.swift; path = Deck.swift; sourceTree = "<group>"; };
		84CB18A8235EA89400B57777 /* Hand.swift */ = {isa = PBXFileReference; lastKnownFileType = sourcecode.swift; path = Hand.swift; sourceTree = "<group>"; };
		84CB18AA235EAAA400B57777 /* Table.swift */ = {isa = PBXFileReference; lastKnownFileType = sourcecode.swift; path = Table.swift; sourceTree = "<group>"; };
		84CB18AC235EAFED00B57777 /* Playing Cards */ = {isa = PBXFileReference; lastKnownFileType = folder; name = "Playing Cards"; path = "../Playing Cards"; sourceTree = "<group>"; };
		84CB1938235EED4600B57777 /* LaunchViewController.swift */ = {isa = PBXFileReference; lastKnownFileType = sourcecode.swift; path = LaunchViewController.swift; sourceTree = "<group>"; };
/* End PBXFileReference section */

/* Begin PBXFrameworksBuildPhase section */
		84CB1889235EA37200B57777 /* Frameworks */ = {
			isa = PBXFrameworksBuildPhase;
			buildActionMask = 2147483647;
			files = (
			);
			runOnlyForDeploymentPostprocessing = 0;
		};
/* End PBXFrameworksBuildPhase section */

/* Begin PBXGroup section */
		84CB1883235EA37200B57777 = {
			isa = PBXGroup;
			children = (
				84CB188E235EA37200B57777 /* Buka BlackJack */,
				84CB188D235EA37200B57777 /* Products */,
				84CB18AC235EAFED00B57777 /* Playing Cards */,
			);
			sourceTree = "<group>";
		};
		84CB188D235EA37200B57777 /* Products */ = {
			isa = PBXGroup;
			children = (
				84CB188C235EA37200B57777 /* Buka BlackJack.app */,
			);
			name = Products;
			sourceTree = "<group>";
		};
		84CB188E235EA37200B57777 /* Buka BlackJack */ = {
			isa = PBXGroup;
			children = (
				84CB188F235EA37200B57777 /* AppDelegate.swift */,
				84CB1891235EA37200B57777 /* SceneDelegate.swift */,
				84CB1893235EA37200B57777 /* ViewController.swift */,
				84CB18A6235EA3F400B57777 /* Deck.swift */,
				84CB18AA235EAAA400B57777 /* Table.swift */,
				84CB18A8235EA89400B57777 /* Hand.swift */,
				84CB1895235EA37200B57777 /* Main.storyboard */,
				84CB189B235EA37500B57777 /* Assets.xcassets */,
				84CB189D235EA37500B57777 /* LaunchScreen.storyboard */,
				84CB1938235EED4600B57777 /* LaunchViewController.swift */,
				84CB18A0235EA37500B57777 /* Info.plist */,
				84CB1898235EA37200B57777 /* Buka_BlackJack.xcdatamodeld */,
			);
			path = "Buka BlackJack";
			sourceTree = "<group>";
		};
/* End PBXGroup section */

/* Begin PBXNativeTarget section */
		84CB188B235EA37200B57777 /* Buka BlackJack */ = {
			isa = PBXNativeTarget;
			buildConfigurationList = 84CB18A3235EA37500B57777 /* Build configuration list for PBXNativeTarget "Buka BlackJack" */;
			buildPhases = (
				84CB1888235EA37200B57777 /* Sources */,
				84CB1889235EA37200B57777 /* Frameworks */,
				84CB188A235EA37200B57777 /* Resources */,
			);
			buildRules = (
			);
			dependencies = (
			);
			name = "Buka BlackJack";
			productName = "Buka BlackJack";
			productReference = 84CB188C235EA37200B57777 /* Buka BlackJack.app */;
			productType = "com.apple.product-type.application";
		};
/* End PBXNativeTarget section */

/* Begin PBXProject section */
		84CB1884235EA37200B57777 /* Project object */ = {
			isa = PBXProject;
			attributes = {
				LastSwiftUpdateCheck = 1100;
				LastUpgradeCheck = 1100;
				ORGANIZATIONNAME = Addie;
				TargetAttributes = {
					84CB188B235EA37200B57777 = {
						CreatedOnToolsVersion = 11.0;
					};
				};
			};
			buildConfigurationList = 84CB1887235EA37200B57777 /* Build configuration list for PBXProject "Buka BlackJack" */;
			compatibilityVersion = "Xcode 9.3";
			developmentRegion = en;
			hasScannedForEncodings = 0;
			knownRegions = (
				en,
				Base,
			);
			mainGroup = 84CB1883235EA37200B57777;
			productRefGroup = 84CB188D235EA37200B57777 /* Products */;
			projectDirPath = "";
			projectRoot = "";
			targets = (
				84CB188B235EA37200B57777 /* Buka BlackJack */,
			);
		};
/* End PBXProject section */

/* Begin PBXResourcesBuildPhase section */
		84CB188A235EA37200B57777 /* Resources */ = {
			isa = PBXResourcesBuildPhase;
			buildActionMask = 2147483647;
			files = (
				84CB189F235EA37500B57777 /* LaunchScreen.storyboard in Resources */,
				84CB189C235EA37500B57777 /* Assets.xcassets in Resources */,
				84CB18AD235EAFED00B57777 /* Playing Cards in Resources */,
				84CB1897235EA37200B57777 /* Main.storyboard in Resources */,
			);
			runOnlyForDeploymentPostprocessing = 0;
		};
/* End PBXResourcesBuildPhase section */

/* Begin PBXSourcesBuildPhase section */
		84CB1888235EA37200B57777 /* Sources */ = {
			isa = PBXSourcesBuildPhase;
			buildActionMask = 2147483647;
			files = (
				84CB1894235EA37200B57777 /* ViewController.swift in Sources */,
				84CB18AB235EAAA400B57777 /* Table.swift in Sources */,
				84CB1890235EA37200B57777 /* AppDelegate.swift in Sources */,
				84CB18A9235EA89400B57777 /* Hand.swift in Sources */,
				84CB18A7235EA3F400B57777 /* Deck.swift in Sources */,
				84CB1892235EA37200B57777 /* SceneDelegate.swift in Sources */,
				84CB189A235EA37200B57777 /* Buka_BlackJack.xcdatamodeld in Sources */,
				84CB1939235EED4600B57777 /* LaunchViewController.swift in Sources */,
			);
			runOnlyForDeploymentPostprocessing = 0;
		};
/* End PBXSourcesBuildPhase section */

/* Begin PBXVariantGroup section */
		84CB1895235EA37200B57777 /* Main.storyboard */ = {
			isa = PBXVariantGroup;
			children = (
				84CB1896235EA37200B57777 /* Base */,
			);
			name = Main.storyboard;
			sourceTree = "<group>";
		};
		84CB189D235EA37500B57777 /* LaunchScreen.storyboard */ = {
			isa = PBXVariantGroup;
			children = (
				84CB189E235EA37500B57777 /* Base */,
			);
			name = LaunchScreen.storyboard;
			sourceTree = "<group>";
		};
/* End PBXVariantGroup section */

/* Begin XCBuildConfiguration section */
		84CB18A1235EA37500B57777 /* Debug */ = {
			isa = XCBuildConfiguration;
			buildSettings = {
				ALWAYS_SEARCH_USER_PATHS = NO;
				CLANG_ANALYZER_NONNULL = YES;
				CLANG_ANALYZER_NUMBER_OBJECT_CONVERSION = YES_AGGRESSIVE;
				CLANG_CXX_LANGUAGE_STANDARD = "gnu++14";
				CLANG_CXX_LIBRARY = "libc++";
				CLANG_ENABLE_MODULES = YES;
				CLANG_ENABLE_OBJC_ARC = YES;
				CLANG_ENABLE_OBJC_WEAK = YES;
				CLANG_WARN_BLOCK_CAPTURE_AUTORELEASING = YES;
				CLANG_WARN_BOOL_CONVERSION = YES;
				CLANG_WARN_COMMA = YES;
				CLANG_WARN_CONSTANT_CONVERSION = YES;
				CLANG_WARN_DEPRECATED_OBJC_IMPLEMENTATIONS = YES;
				CLANG_WARN_DIRECT_OBJC_ISA_USAGE = YES_ERROR;
				CLANG_WARN_DOCUMENTATION_COMMENTS = YES;
				CLANG_WARN_EMPTY_BODY = YES;
				CLANG_WARN_ENUM_CONVERSION = YES;
				CLANG_WARN_INFINITE_RECURSION = YES;
				CLANG_WARN_INT_CONVERSION = YES;
				CLANG_WARN_NON_LITERAL_NULL_CONVERSION = YES;
				CLANG_WARN_OBJC_IMPLICIT_RETAIN_SELF = YES;
				CLANG_WARN_OBJC_LITERAL_CONVERSION = YES;
				CLANG_WARN_OBJC_ROOT_CLASS = YES_ERROR;
				CLANG_WARN_RANGE_LOOP_ANALYSIS = YES;
				CLANG_WARN_STRICT_PROTOTYPES = YES;
				CLANG_WARN_SUSPICIOUS_MOVE = YES;
				CLANG_WARN_UNGUARDED_AVAILABILITY = YES_AGGRESSIVE;
				CLANG_WARN_UNREACHABLE_CODE = YES;
				CLANG_WARN__DUPLICATE_METHOD_MATCH = YES;
				COPY_PHASE_STRIP = NO;
				DEBUG_INFORMATION_FORMAT = dwarf;
				ENABLE_STRICT_OBJC_MSGSEND = YES;
				ENABLE_TESTABILITY = YES;
				GCC_C_LANGUAGE_STANDARD = gnu11;
				GCC_DYNAMIC_NO_PIC = NO;
				GCC_NO_COMMON_BLOCKS = YES;
				GCC_OPTIMIZATION_LEVEL = 0;
				GCC_PREPROCESSOR_DEFINITIONS = (
					"DEBUG=1",
					"$(inherited)",
				);
				GCC_WARN_64_TO_32_BIT_CONVERSION = YES;
				GCC_WARN_ABOUT_RETURN_TYPE = YES_ERROR;
				GCC_WARN_UNDECLARED_SELECTOR = YES;
				GCC_WARN_UNINITIALIZED_AUTOS = YES_AGGRESSIVE;
				GCC_WARN_UNUSED_FUNCTION = YES;
				GCC_WARN_UNUSED_VARIABLE = YES;
				IPHONEOS_DEPLOYMENT_TARGET = 13.0;
				MTL_ENABLE_DEBUG_INFO = INCLUDE_SOURCE;
				MTL_FAST_MATH = YES;
				ONLY_ACTIVE_ARCH = YES;
				SDKROOT = iphoneos;
				SWIFT_ACTIVE_COMPILATION_CONDITIONS = DEBUG;
				SWIFT_OPTIMIZATION_LEVEL = "-Onone";
			};
			name = Debug;
		};
		84CB18A2235EA37500B57777 /* Release */ = {
			isa = XCBuildConfiguration;
			buildSettings = {
				ALWAYS_SEARCH_USER_PATHS = NO;
				CLANG_ANALYZER_NONNULL = YES;
				CLANG_ANALYZER_NUMBER_OBJECT_CONVERSION = YES_AGGRESSIVE;
				CLANG_CXX_LANGUAGE_STANDARD = "gnu++14";
				CLANG_CXX_LIBRARY = "libc++";
				CLANG_ENABLE_MODULES = YES;
				CLANG_ENABLE_OBJC_ARC = YES;
				CLANG_ENABLE_OBJC_WEAK = YES;
				CLANG_WARN_BLOCK_CAPTURE_AUTORELEASING = YES;
				CLANG_WARN_BOOL_CONVERSION = YES;
				CLANG_WARN_COMMA = YES;
				CLANG_WARN_CONSTANT_CONVERSION = YES;
				CLANG_WARN_DEPRECATED_OBJC_IMPLEMENTATIONS = YES;
				CLANG_WARN_DIRECT_OBJC_ISA_USAGE = YES_ERROR;
				CLANG_WARN_DOCUMENTATION_COMMENTS = YES;
				CLANG_WARN_EMPTY_BODY = YES;
				CLANG_WARN_ENUM_CONVERSION = YES;
				CLANG_WARN_INFINITE_RECURSION = YES;
				CLANG_WARN_INT_CONVERSION = YES;
				CLANG_WARN_NON_LITERAL_NULL_CONVERSION = YES;
				CLANG_WARN_OBJC_IMPLICIT_RETAIN_SELF = YES;
				CLANG_WARN_OBJC_LITERAL_CONVERSION = YES;
				CLANG_WARN_OBJC_ROOT_CLASS = YES_ERROR;
				CLANG_WARN_RANGE_LOOP_ANALYSIS = YES;
				CLANG_WARN_STRICT_PROTOTYPES = YES;
				CLANG_WARN_SUSPICIOUS_MOVE = YES;
				CLANG_WARN_UNGUARDED_AVAILABILITY = YES_AGGRESSIVE;
				CLANG_WARN_UNREACHABLE_CODE = YES;
				CLANG_WARN__DUPLICATE_METHOD_MATCH = YES;
				COPY_PHASE_STRIP = NO;
				DEBUG_INFORMATION_FORMAT = "dwarf-with-dsym";
				ENABLE_NS_ASSERTIONS = NO;
				ENABLE_STRICT_OBJC_MSGSEND = YES;
				GCC_C_LANGUAGE_STANDARD = gnu11;
				GCC_NO_COMMON_BLOCKS = YES;
				GCC_WARN_64_TO_32_BIT_CONVERSION = YES;
				GCC_WARN_ABOUT_RETURN_TYPE = YES_ERROR;
				GCC_WARN_UNDECLARED_SELECTOR = YES;
				GCC_WARN_UNINITIALIZED_AUTOS = YES_AGGRESSIVE;
				GCC_WARN_UNUSED_FUNCTION = YES;
				GCC_WARN_UNUSED_VARIABLE = YES;
				IPHONEOS_DEPLOYMENT_TARGET = 13.0;
				MTL_ENABLE_DEBUG_INFO = NO;
				MTL_FAST_MATH = YES;
				SDKROOT = iphoneos;
				SWIFT_COMPILATION_MODE = wholemodule;
				SWIFT_OPTIMIZATION_LEVEL = "-O";
				VALIDATE_PRODUCT = YES;
			};
			name = Release;
		};
		84CB18A4235EA37500B57777 /* Debug */ = {
			isa = XCBuildConfiguration;
			buildSettings = {
				ASSETCATALOG_COMPILER_APPICON_NAME = AppIcon;
				CODE_SIGN_IDENTITY = "Apple Development";
				CODE_SIGN_STYLE = Automatic;
				DEVELOPMENT_TEAM = RFGGT46LTQ;
				INFOPLIST_FILE = "Buka BlackJack/Info.plist";
				LD_RUNPATH_SEARCH_PATHS = (
					"$(inherited)",
					"@executable_path/Frameworks",
				);
				PRODUCT_BUNDLE_IDENTIFIER = "n.Buka-BlackJack2";
				PRODUCT_NAME = "$(TARGET_NAME)";
				PROVISIONING_PROFILE_SPECIFIER = "";
				SWIFT_VERSION = 5.0;
				TARGETED_DEVICE_FAMILY = 1;
			};
			name = Debug;
		};
		84CB18A5235EA37500B57777 /* Release */ = {
			isa = XCBuildConfiguration;
			buildSettings = {
				ASSETCATALOG_COMPILER_APPICON_NAME = AppIcon;
				CODE_SIGN_IDENTITY = "Apple Development";
				CODE_SIGN_STYLE = Automatic;
				DEVELOPMENT_TEAM = RFGGT46LTQ;
				INFOPLIST_FILE = "Buka BlackJack/Info.plist";
				LD_RUNPATH_SEARCH_PATHS = (
					"$(inherited)",
					"@executable_path/Frameworks",
				);
				PRODUCT_BUNDLE_IDENTIFIER = "n.Buka-BlackJack2";
				PRODUCT_NAME = "$(TARGET_NAME)";
				PROVISIONING_PROFILE_SPECIFIER = "";
				SWIFT_VERSION = 5.0;
				TARGETED_DEVICE_FAMILY = 1;
			};
			name = Release;
		};
/* End XCBuildConfiguration section */

/* Begin XCConfigurationList section */
		84CB1887235EA37200B57777 /* Build configuration list for PBXProject "Buka BlackJack" */ = {
			isa = XCConfigurationList;
			buildConfigurations = (
				84CB18A1235EA37500B57777 /* Debug */,
				84CB18A2235EA37500B57777 /* Release */,
			);
			defaultConfigurationIsVisible = 0;
			defaultConfigurationName = Release;
		};
		84CB18A3235EA37500B57777 /* Build configuration list for PBXNativeTarget "Buka BlackJack" */ = {
			isa = XCConfigurationList;
			buildConfigurations = (
				84CB18A4235EA37500B57777 /* Debug */,
				84CB18A5235EA37500B57777 /* Release */,
			);
			defaultConfigurationIsVisible = 0;
			defaultConfigurationName = Release;
		};
/* End XCConfigurationList section */

/* Begin XCVersionGroup section */
		84CB1898235EA37200B57777 /* Buka_BlackJack.xcdatamodeld */ = {
			isa = XCVersionGroup;
			children = (
				84CB1899235EA37200B57777 /* Buka_BlackJack.xcdatamodel */,
			);
			currentVersion = 84CB1899235EA37200B57777 /* Buka_BlackJack.xcdatamodel */;
			path = Buka_BlackJack.xcdatamodeld;
			sourceTree = "<group>";
			versionGroupType = wrapper.xcdatamodel;
		};
/* End XCVersionGroup section */
	};
	rootObject = 84CB1884235EA37200B57777 /* Project object */;
}
